
Microsoft Visual Studio Solution File, Format Version 12.00
# Visual Studio Version 16
VisualStudioVersion = 16.0.30406.217
MinimumVisualStudioVersion = 10.0.40219.1
Project("{FAE04EC0-301F-11D3-BF4B-00C04F79EFBC}") = "Apka okienkowa WinForms", "Apka okienkowa WinForms\Apka okienkowa WinForms.csproj", "{8A102E3F-B57E-45DE-84D1-B6D9C08F84FB}"
EndProject
Global
	GlobalSection(SolutionConfigurationPlatforms) = preSolution
		Debug|Any CPU = Debug|Any CPU
		Release|Any CPU = Release|Any CPU
	EndGlobalSection
	GlobalSection(ProjectConfigurationPlatforms) = postSolution
		{8A102E3F-B57E-45DE-84D1-B6D9C08F84FB}.Debug|Any CPU.ActiveCfg = Debug|Any CPU
		{8A102E3F-B57E-45DE-84D1-B6D9C08F84FB}.Debug|Any CPU.Build.0 = Debug|Any CPU
		{8A102E3F-B57E-45DE-84D1-B6D9C08F84FB}.Release|Any CPU.ActiveCfg = Release|Any CPU
		{8A102E3F-B57E-45DE-84D1-B6D9C08F84FB}.Release|Any CPU.Build.0 = Release|Any CPU
	EndGlobalSection
	GlobalSection(SolutionProperties) = preSolution
		HideSolutionNode = FALSE
	EndGlobalSection
	GlobalSection(ExtensibilityGlobals) = postSolution
		SolutionGuid = {1CF63DB4-132D-4F29-8348-68992CAB1EC6}
	EndGlobalSection
EndGlobal
